{
  "name": "tsphl",
  "version": "1.0.0",
  "lockfileVersion": 1,
  "requires": true,
  "dependencies": {
    "@types/node": {
      "version": "14.6.0",
      "resolved": "https://registry.npm.taobao.org/@types/node/download/@types/node-14.6.0.tgz?cache=0&sync_timestamp=1598395222729&other_urls=https%3A%2F%2Fregistry.npm.taobao.org%2F%40types%2Fnode%2Fdownload%2F%40types%2Fnode-14.6.0.tgz",
      "integrity": "sha1-fUQRv1FXM5M318/4ZNn/RfF3tJk="
    }
  }
}
